schema_version: '0.1'
description: Source acquisition lock file. No local sources are currently acquired.
  All sources are link-only, metadata-only, or deferred. Agents should read upstream
  documentation on demand using references.yaml and indexes.
sources: []
future_lock_fields:
- source_id
- version_or_commit
- checked_date
- license
- local_path
- acquisition_mode
